// !$*UTF8*$!
{
	archiveVersion = 1;
	classes = {
	};
	objectVersion = 50;
	objects = {

/* Begin PBXBuildFile section */
		E4744F0425D4C2AD008BC627 /* AppDelegate.swift in Sources */ = {isa = PBXBuildFile; fileRef = E4744F0325D4C2AD008BC627 /* AppDelegate.swift */; };
		E4744F0625D4C2AD008BC627 /* SceneDelegate.swift in Sources */ = {isa = PBXBuildFile; fileRef = E4744F0525D4C2AD008BC627 /* SceneDelegate.swift */; };
		E4744F0825D4C2AD008BC627 /* ViewController.swift in Sources */ = {isa = PBXBuildFile; fileRef = E4744F0725D4C2AD008BC627 /* ViewController.swift */; };
		E4744F0B25D4C2AD008BC627 /* Main.storyboard in Resources */ = {isa = PBXBuildFile; fileRef = E4744F0925D4C2AD008BC627 /* Main.storyboard */; };
		E4744F0D25D4C2AE008BC627 /* Assets.xcassets in Resources */ = {isa = PBXBuildFile; fileRef = E4744F0C25D4C2AE008BC627 /* Assets.xcassets */; };
		E4744F1025D4C2AE008BC627 /* LaunchScreen.storyboard in Resources */ = {isa = PBXBuildFile; fileRef = E4744F0E25D4C2AE008BC627 /* LaunchScreen.storyboard */; };
		E4744F1B25D4C2AF008BC627 /* DepthSampleTests.swift in Sources */ = {isa = PBXBuildFile; fileRef = E4744F1A25D4C2AF008BC627 /* DepthSampleTests.swift */; };
		E4744F2625D4C2AF008BC627 /* DepthSampleUITests.swift in Sources */ = {isa = PBXBuildFile; fileRef = E4744F2525D4C2AF008BC627 /* DepthSampleUITests.swift */; };
/* End PBXBuildFile section */

/* Begin PBXContainerItemProxy section */
		E4744F1725D4C2AF008BC627 /* PBXContainerItemProxy */ = {
			isa = PBXContainerItemProxy;
			containerPortal = E4744EF825D4C2AD008BC627 /* Project object */;
			proxyType = 1;
			remoteGlobalIDString = E4744EFF25D4C2AD008BC627;
			remoteInfo = DepthSample;
		};
		E4744F2225D4C2AF008BC627 /* PBXContainerItemProxy */ = {
			isa = PBXContainerItemProxy;
			containerPortal = E4744EF825D4C2AD008BC627 /* Project object */;
			proxyType = 1;
			remoteGlobalIDString = E4744EFF25D4C2AD008BC627;
			remoteInfo = DepthSample;
		};
/* End PBXContainerItemProxy section */

/* Begin PBXFileReference section */
		E4744F0025D4C2AD008BC627 /* DepthSample.app */ = {isa = PBXFileReference; explicitFileType = wrapper.application; includeInIndex = 0; path = DepthSample.app; sourceTree = BUILT_PRODUCTS_DIR; };
		E4744F0325D4C2AD008BC627 /* AppDelegate.swift */ = {isa = PBXFileReference; lastKnownFileType = sourcecode.swift; path = AppDelegate.swift; sourceTree = "<group>"; };
		E4744F0525D4C2AD008BC627 /* SceneDelegate.swift */ = {isa = PBXFileReference; lastKnownFileType = sourcecode.swift; path = SceneDelegate.swift; sourceTree = "<group>"; };
		E4744F0725D4C2AD008BC627 /* ViewController.swift */ = {isa = PBXFileReference; lastKnownFileType = sourcecode.swift; path = ViewController.swift; sourceTree = "<group>"; };
		E4744F0A25D4C2AD008BC627 /* Base */ = {isa = PBXFileReference; lastKnownFileType = file.storyboard; name = Base; path = Base.lproj/Main.storyboard; sourceTree = "<group>"; };
		E4744F0C25D4C2AE008BC627 /* Assets.xcassets */ = {isa = PBXFileReference; lastKnownFileType = folder.assetcatalog; path = Assets.xcassets; sourceTree = "<group>"; };
		E4744F0F25D4C2AE008BC627 /* Base */ = {isa = PBXFileReference; lastKnownFileType = file.storyboard; name = Base; path = Base.lproj/LaunchScreen.storyboard; sourceTree = "<group>"; };
		E4744F1125D4C2AE008BC627 /* Info.plist */ = {isa = PBXFileReference; lastKnownFileType = text.plist.xml; path = Info.plist; sourceTree = "<group>"; };
		E4744F1625D4C2AF008BC627 /* DepthSampleTests.xctest */ = {isa = PBXFileReference; explicitFileType = wrapper.cfbundle; includeInIndex = 0; path = DepthSampleTests.xctest; sourceTree = BUILT_PRODUCTS_DIR; };
		E4744F1A25D4C2AF008BC627 /* DepthSampleTests.swift */ = {isa = PBXFileReference; lastKnownFileType = sourcecode.swift; path = DepthSampleTests.swift; sourceTree = "<group>"; };
		E4744F1C25D4C2AF008BC627 /* Info.plist */ = {isa = PBXFileReference; lastKnownFileType = text.plist.xml; path = Info.plist; sourceTree = "<group>"; };
		E4744F2125D4C2AF008BC627 /* DepthSampleUITests.xctest */ = {isa = PBXFileReference; explicitFileType = wrapper.cfbundle; includeInIndex = 0; path = DepthSampleUITests.xctest; sourceTree = BUILT_PRODUCTS_DIR; };
		E4744F2525D4C2AF008BC627 /* DepthSampleUITests.swift */ = {isa = PBXFileReference; lastKnownFileType = sourcecode.swift; path = DepthSampleUITests.swift; sourceTree = "<group>"; };
		E4744F2725D4C2AF008BC627 /* Info.plist */ = {isa = PBXFileReference; lastKnownFileType = text.plist.xml; path = Info.plist; sourceTree = "<group>"; };
/* End PBXFileReference section */

/* Begin PBXFrameworksBuildPhase section */
		E4744EFD25D4C2AD008BC627 /* Frameworks */ = {
			isa = PBXFrameworksBuildPhase;
			buildActionMask = 2147483647;
			files = (
			);
			runOnlyForDeploymentPostprocessing = 0;
		};
		E4744F1325D4C2AF008BC627 /* Frameworks */ = {
			isa = PBXFrameworksBuildPhase;
			buildActionMask = 2147483647;
			files = (
			);
			runOnlyForDeploymentPostprocessing = 0;
		};
		E4744F1E25D4C2AF008BC627 /* Frameworks */ = {
			isa = PBXFrameworksBuildPhase;
			buildActionMask = 2147483647;
			files = (
			);
			runOnlyForDeploymentPostprocessing = 0;
		};
/* End PBXFrameworksBuildPhase section */

/* Begin PBXGroup section */
		E4744EF725D4C2AD008BC627 = {
			isa = PBXGroup;
			children = (
				E4744F0225D4C2AD008BC627 /* DepthSample */,
				E4744F1925D4C2AF008BC627 /* DepthSampleTests */,
				E4744F2425D4C2AF008BC627 /* DepthSampleUITests */,
				E4744F0125D4C2AD008BC627 /* Products */,
			);
			sourceTree = "<group>";
		};
		E4744F0125D4C2AD008BC627 /* Products */ = {
			isa = PBXGroup;
			children = (
				E4744F0025D4C2AD008BC627 /* DepthSample.app */,
				E4744F1625D4C2AF008BC627 /* DepthSampleTests.xctest */,
				E4744F2125D4C2AF008BC627 /* DepthSampleUITests.xctest */,
			);
			name = Products;
			sourceTree = "<group>";
		};
		E4744F0225D4C2AD008BC627 /* DepthSample */ = {
			isa = PBXGroup;
			children = (
				E4744F0325D4C2AD008BC627 /* AppDelegate.swift */,
				E4744F0525D4C2AD008BC627 /* SceneDelegate.swift */,
				E4744F0725D4C2AD008BC627 /* ViewController.swift */,
				E4744F0925D4C2AD008BC627 /* Main.storyboard */,
				E4744F0C25D4C2AE008BC627 /* Assets.xcassets */,
				E4744F0E25D4C2AE008BC627 /* LaunchScreen.storyboard */,
				E4744F1125D4C2AE008BC627 /* Info.plist */,
			);
			path = DepthSample;
			sourceTree = "<group>";
		};
		E4744F1925D4C2AF008BC627 /* DepthSampleTests */ = {
			isa = PBXGroup;
			children = (
				E4744F1A25D4C2AF008BC627 /* DepthSampleTests.swift */,
				E4744F1C25D4C2AF008BC627 /* Info.plist */,
			);
			path = DepthSampleTests;
			sourceTree = "<group>";
		};
		E4744F2425D4C2AF008BC627 /* DepthSampleUITests */ = {
			isa = PBXGroup;
			children = (
				E4744F2525D4C2AF008BC627 /* DepthSampleUITests.swift */,
				E4744F2725D4C2AF008BC627 /* Info.plist */,
			);
			path = DepthSampleUITests;
			sourceTree = "<group>";
		};
/* End PBXGroup section */

/* Begin PBXNativeTarget section */
		E4744EFF25D4C2AD008BC627 /* DepthSample */ = {
			isa = PBXNativeTarget;
			buildConfigurationList = E4744F2A25D4C2AF008BC627 /* Build configuration list for PBXNativeTarget "DepthSample" */;
			buildPhases = (
				E4744EFC25D4C2AD008BC627 /* Sources */,
				E4744EFD25D4C2AD008BC627 /* Frameworks */,
				E4744EFE25D4C2AD008BC627 /* Resources */,
			);
			buildRules = (
			);
			dependencies = (
			);
			name = DepthSample;
			productName = DepthSample;
			productReference = E4744F0025D4C2AD008BC627 /* DepthSample.app */;
			productType = "com.apple.product-type.application";
		};
		E4744F1525D4C2AF008BC627 /* DepthSampleTests */ = {
			isa = PBXNativeTarget;
			buildConfigurationList = E4744F2D25D4C2AF008BC627 /* Build configuration list for PBXNativeTarget "DepthSampleTests" */;
			buildPhases = (
				E4744F1225D4C2AF008BC627 /* Sources */,
				E4744F1325D4C2AF008BC627 /* Frameworks */,
				E4744F1425D4C2AF008BC627 /* Resources */,
			);
			buildRules = (
			);
			dependencies = (
				E4744F1825D4C2AF008BC627 /* PBXTargetDependency */,
			);
			name = DepthSampleTests;
			productName = DepthSampleTests;
			productReference = E4744F1625D4C2AF008BC627 /* DepthSampleTests.xctest */;
			productType = "com.apple.product-type.bundle.unit-test";
		};
		E4744F2025D4C2AF008BC627 /* DepthSampleUITests */ = {
			isa = PBXNativeTarget;
			buildConfigurationList = E4744F3025D4C2AF008BC627 /* Build configuration list for PBXNativeTarget "DepthSampleUITests" */;
			buildPhases = (
				E4744F1D25D4C2AF008BC627 /* Sources */,
				E4744F1E25D4C2AF008BC627 /* Frameworks */,
				E4744F1F25D4C2AF008BC627 /* Resources */,
			);
			buildRules = (
			);
			dependencies = (
				E4744F2325D4C2AF008BC627 /* PBXTargetDependency */,
			);
			name = DepthSampleUITests;
			productName = DepthSampleUITests;
			productReference = E4744F2125D4C2AF008BC627 /* DepthSampleUITests.xctest */;
			productType = "com.apple.product-type.bundle.ui-testing";
		};
/* End PBXNativeTarget section */

/* Begin PBXProject section */
		E4744EF825D4C2AD008BC627 /* Project object */ = {
			isa = PBXProject;
			attributes = {
				LastSwiftUpdateCheck = 1230;
				LastUpgradeCheck = 1230;
				TargetAttributes = {
					E4744EFF25D4C2AD008BC627 = {
						CreatedOnToolsVersion = 12.3;
					};
					E4744F1525D4C2AF008BC627 = {
						CreatedOnToolsVersion = 12.3;
						TestTargetID = E4744EFF25D4C2AD008BC627;
					};
					E4744F2025D4C2AF008BC627 = {
						CreatedOnToolsVersion = 12.3;
						TestTargetID = E4744EFF25D4C2AD008BC627;
					};
				};
			};
			buildConfigurationList = E4744EFB25D4C2AD008BC627 /* Build configuration list for PBXProject "DepthSample" */;
			compatibilityVersion = "Xcode 9.3";
			developmentRegion = en;
			hasScannedForEncodings = 0;
			knownRegions = (
				en,
				Base,
			);
			mainGroup = E4744EF725D4C2AD008BC627;
			productRefGroup = E4744F0125D4C2AD008BC627 /* Products */;
			projectDirPath = "";
			projectRoot = "";
			targets = (
				E4744EFF25D4C2AD008BC627 /* DepthSample */,
				E4744F1525D4C2AF008BC627 /* DepthSampleTests */,
				E4744F2025D4C2AF008BC627 /* DepthSampleUITests */,
			);
		};
/* End PBXProject section */

/* Begin PBXResourcesBuildPhase section */
		E4744EFE25D4C2AD008BC627 /* Resources */ = {
			isa = PBXResourcesBuildPhase;
			buildActionMask = 2147483647;
			files = (
				E4744F1025D4C2AE008BC627 /* LaunchScreen.storyboard in Resources */,
				E4744F0D25D4C2AE008BC627 /* Assets.xcassets in Resources */,
				E4744F0B25D4C2AD008BC627 /* Main.storyboard in Resources */,
			);
			runOnlyForDeploymentPostprocessing = 0;
		};
		E4744F1425D4C2AF008BC627 /* Resources */ = {
			isa = PBXResourcesBuildPhase;
			buildActionMask = 2147483647;
			files = (
			);
			runOnlyForDeploymentPostprocessing = 0;
		};
		E4744F1F25D4C2AF008BC627 /* Resources */ = {
			isa = PBXResourcesBuildPhase;
			buildActionMask = 2147483647;
			files = (
			);
			runOnlyForDeploymentPostprocessing = 0;
		};
/* End PBXResourcesBuildPhase section */

/* Begin PBXSourcesBuildPhase section */
		E4744EFC25D4C2AD008BC627 /* Sources */ = {
			isa = PBXSourcesBuildPhase;
			buildActionMask = 2147483647;
			files = (
				E4744F0825D4C2AD008BC627 /* ViewController.swift in Sources */,
				E4744F0425D4C2AD008BC627 /* AppDelegate.swift in Sources */,
				E4744F0625D4C2AD008BC627 /* SceneDelegate.swift in Sources */,
			);
			runOnlyForDeploymentPostprocessing = 0;
		};
		E4744F1225D4C2AF008BC627 /* Sources */ = {
			isa = PBXSourcesBuildPhase;
			buildActionMask = 2147483647;
			files = (
				E4744F1B25D4C2AF008BC627 /* DepthSampleTests.swift in Sources */,
			);
			runOnlyForDeploymentPostprocessing = 0;
		};
		E4744F1D25D4C2AF008BC627 /* Sources */ = {
			isa = PBXSourcesBuildPhase;
			buildActionMask = 2147483647;
			files = (
				E4744F2625D4C2AF008BC627 /* DepthSampleUITests.swift in Sources */,
			);
			runOnlyForDeploymentPostprocessing = 0;
		};
/* End PBXSourcesBuildPhase section */

/* Begin PBXTargetDependency section */
		E4744F1825D4C2AF008BC627 /* PBXTargetDependency */ = {
			isa = PBXTargetDependency;
			target = E4744EFF25D4C2AD008BC627 /* DepthSample */;
			targetProxy = E4744F1725D4C2AF008BC627 /* PBXContainerItemProxy */;
		};
		E4744F2325D4C2AF008BC627 /* PBXTargetDependency */ = {
			isa = PBXTargetDependency;
			target = E4744EFF25D4C2AD008BC627 /* DepthSample */;
			targetProxy = E4744F2225D4C2AF008BC627 /* PBXContainerItemProxy */;
		};
/* End PBXTargetDependency section */

/* Begin PBXVariantGroup section */
		E4744F0925D4C2AD008BC627 /* Main.storyboard */ = {
			isa = PBXVariantGroup;
			children = (
				E4744F0A25D4C2AD008BC627 /* Base */,
			);
			name = Main.storyboard;
			sourceTree = "<group>";
		};
		E4744F0E25D4C2AE008BC627 /* LaunchScreen.storyboard */ = {
			isa = PBXVariantGroup;
			children = (
				E4744F0F25D4C2AE008BC627 /* Base */,
			);
			name = LaunchScreen.storyboard;
			sourceTree = "<group>";
		};
/* End PBXVariantGroup section */

/* Begin XCBuildConfiguration section */
		E4744F2825D4C2AF008BC627 /* Debug */ = {
			isa = XCBuildConfiguration;
			buildSettings = {
				ALWAYS_SEARCH_USER_PATHS = NO;
				CLANG_ANALYZER_NONNULL = YES;
				CLANG_ANALYZER_NUMBER_OBJECT_CONVERSION = YES_AGGRESSIVE;
				CLANG_CXX_LANGUAGE_STANDARD = "gnu++14";
				CLANG_CXX_LIBRARY = "libc++";
				CLANG_ENABLE_MODULES = YES;
				CLANG_ENABLE_OBJC_ARC = YES;
				CLANG_ENABLE_OBJC_WEAK = YES;
				CLANG_WARN_BLOCK_CAPTURE_AUTORELEASING = YES;
				CLANG_WARN_BOOL_CONVERSION = YES;
				CLANG_WARN_COMMA = YES;
				CLANG_WARN_CONSTANT_CONVERSION = YES;
				CLANG_WARN_DEPRECATED_OBJC_IMPLEMENTATIONS = YES;
				CLANG_WARN_DIRECT_OBJC_ISA_USAGE = YES_ERROR;
				CLANG_WARN_DOCUMENTATION_COMMENTS = YES;
				CLANG_WARN_EMPTY_BODY = YES;
				CLANG_WARN_ENUM_CONVERSION = YES;
				CLANG_WARN_INFINITE_RECURSION = YES;
				CLANG_WARN_INT_CONVERSION = YES;
				CLANG_WARN_NON_LITERAL_NULL_CONVERSION = YES;
				CLANG_WARN_OBJC_IMPLICIT_RETAIN_SELF = YES;
				CLANG_WARN_OBJC_LITERAL_CONVERSION = YES;
				CLANG_WARN_OBJC_ROOT_CLASS = YES_ERROR;
				CLANG_WARN_QUOTED_INCLUDE_IN_FRAMEWORK_HEADER = YES;
				CLANG_WARN_RANGE_LOOP_ANALYSIS = YES;
				CLANG_WARN_STRICT_PROTOTYPES = YES;
				CLANG_WARN_SUSPICIOUS_MOVE = YES;
				CLANG_WARN_UNGUARDED_AVAILABILITY = YES_AGGRESSIVE;
				CLANG_WARN_UNREACHABLE_CODE = YES;
				CLANG_WARN__DUPLICATE_METHOD_MATCH = YES;
				COPY_PHASE_STRIP = NO;
				DEBUG_INFORMATION_FORMAT = dwarf;
				ENABLE_STRICT_OBJC_MSGSEND = YES;
				ENABLE_TESTABILITY = YES;
				GCC_C_LANGUAGE_STANDARD = gnu11;
				GCC_DYNAMIC_NO_PIC = NO;
				GCC_NO_COMMON_BLOCKS = YES;
				GCC_OPTIMIZATION_LEVEL = 0;
				GCC_PREPROCESSOR_DEFINITIONS = (
					"DEBUG=1",
					"$(inherited)",
				);
				GCC_WARN_64_TO_32_BIT_CONVERSION = YES;
				GCC_WARN_ABOUT_RETURN_TYPE = YES_ERROR;
				GCC_WARN_UNDECLARED_SELECTOR = YES;
				GCC_WARN_UNINITIALIZED_AUTOS = YES_AGGRESSIVE;
				GCC_WARN_UNUSED_FUNCTION = YES;
				GCC_WARN_UNUSED_VARIABLE = YES;
				IPHONEOS_DEPLOYMENT_TARGET = 14.3;
				MTL_ENABLE_DEBUG_INFO = INCLUDE_SOURCE;
				MTL_FAST_MATH = YES;
				ONLY_ACTIVE_ARCH = YES;
				SDKROOT = iphoneos;
				SWIFT_ACTIVE_COMPILATION_CONDITIONS = DEBUG;
				SWIFT_OPTIMIZATION_LEVEL = "-Onone";
			};
			name = Debug;
		};
		E4744F2925D4C2AF008BC627 /* Release */ = {
			isa = XCBuildConfiguration;
			buildSettings = {
				ALWAYS_SEARCH_USER_PATHS = NO;
				CLANG_ANALYZER_NONNULL = YES;
				CLANG_ANALYZER_NUMBER_OBJECT_CONVERSION = YES_AGGRESSIVE;
				CLANG_CXX_LANGUAGE_STANDARD = "gnu++14";
				CLANG_CXX_LIBRARY = "libc++";
				CLANG_ENABLE_MODULES = YES;
				CLANG_ENABLE_OBJC_ARC = YES;
				CLANG_ENABLE_OBJC_WEAK = YES;
				CLANG_WARN_BLOCK_CAPTURE_AUTORELEASING = YES;
				CLANG_WARN_BOOL_CONVERSION = YES;
				CLANG_WARN_COMMA = YES;
				CLANG_WARN_CONSTANT_CONVERSION = YES;
				CLANG_WARN_DEPRECATED_OBJC_IMPLEMENTATIONS = YES;
				CLANG_WARN_DIRECT_OBJC_ISA_USAGE = YES_ERROR;
				CLANG_WARN_DOCUMENTATION_COMMENTS = YES;
				CLANG_WARN_EMPTY_BODY = YES;
				CLANG_WARN_ENUM_CONVERSION = YES;
				CLANG_WARN_INFINITE_RECURSION = YES;
				CLANG_WARN_INT_CONVERSION = YES;
				CLANG_WARN_NON_LITERAL_NULL_CONVERSION = YES;
				CLANG_WARN_OBJC_IMPLICIT_RETAIN_SELF = YES;
				CLANG_WARN_OBJC_LITERAL_CONVERSION = YES;
				CLANG_WARN_OBJC_ROOT_CLASS = YES_ERROR;
				CLANG_WARN_QUOTED_INCLUDE_IN_FRAMEWORK_HEADER = YES;
				CLANG_WARN_RANGE_LOOP_ANALYSIS = YES;
				CLANG_WARN_STRICT_PROTOTYPES = YES;
				CLANG_WARN_SUSPICIOUS_MOVE = YES;
				CLANG_WARN_UNGUARDED_AVAILABILITY = YES_AGGRESSIVE;
				CLANG_WARN_UNREACHABLE_CODE = YES;
				CLANG_WARN__DUPLICATE_METHOD_MATCH = YES;
				COPY_PHASE_STRIP = NO;
				DEBUG_INFORMATION_FORMAT = "dwarf-with-dsym";
				ENABLE_NS_ASSERTIONS = NO;
				ENABLE_STRICT_OBJC_MSGSEND = YES;
				GCC_C_LANGUAGE_STANDARD = gnu11;
				GCC_NO_COMMON_BLOCKS = YES;
				GCC_WARN_64_TO_32_BIT_CONVERSION = YES;
				GCC_WARN_ABOUT_RETURN_TYPE = YES_ERROR;
				GCC_WARN_UNDECLARED_SELECTOR = YES;
				GCC_WARN_UNINITIALIZED_AUTOS = YES_AGGRESSIVE;
				GCC_WARN_UNUSED_FUNCTION = YES;
				GCC_WARN_UNUSED_VARIABLE = YES;
				IPHONEOS_DEPLOYMENT_TARGET = 14.3;
				MTL_ENABLE_DEBUG_INFO = NO;
				MTL_FAST_MATH = YES;
				SDKROOT = iphoneos;
				SWIFT_COMPILATION_MODE = wholemodule;
				SWIFT_OPTIMIZATION_LEVEL = "-O";
				VALIDATE_PRODUCT = YES;
			};
			name = Release;
		};
		E4744F2B25D4C2AF008BC627 /* Debug */ = {
			isa = XCBuildConfiguration;
			buildSettings = {
				ASSETCATALOG_COMPILER_APPICON_NAME = AppIcon;
				ASSETCATALOG_COMPILER_GLOBAL_ACCENT_COLOR_NAME = AccentColor;
				CODE_SIGN_STYLE = Automatic;
				DEVELOPMENT_TEAM = 6H8RBA4DXP;
				INFOPLIST_FILE = DepthSample/Info.plist;
				LD_RUNPATH_SEARCH_PATHS = (
					"$(inherited)",
					"@executable_path/Frameworks",
				);
				PRODUCT_BUNDLE_IDENTIFIER = jp.ac.jec.cm.masukawa.DepthSample;
				PRODUCT_NAME = "$(TARGET_NAME)";
				SWIFT_VERSION = 5.0;
				TARGETED_DEVICE_FAMILY = "1,2";
			};
			name = Debug;
		};
		E4744F2C25D4C2AF008BC627 /* Release */ = {
			isa = XCBuildConfiguration;
			buildSettings = {
				ASSETCATALOG_COMPILER_APPICON_NAME = AppIcon;
				ASSETCATALOG_COMPILER_GLOBAL_ACCENT_COLOR_NAME = AccentColor;
				CODE_SIGN_STYLE = Automatic;
				DEVELOPMENT_TEAM = 6H8RBA4DXP;
				INFOPLIST_FILE = DepthSample/Info.plist;
				LD_RUNPATH_SEARCH_PATHS = (
					"$(inherited)",
					"@executable_path/Frameworks",
				);
				PRODUCT_BUNDLE_IDENTIFIER = jp.ac.jec.cm.masukawa.DepthSample;
				PRODUCT_NAME = "$(TARGET_NAME)";
				SWIFT_VERSION = 5.0;
				TARGETED_DEVICE_FAMILY = "1,2";
			};
			name = Release;
		};
		E4744F2E25D4C2AF008BC627 /* Debug */ = {
			isa = XCBuildConfiguration;
			buildSettings = {
				ALWAYS_EMBED_SWIFT_STANDARD_LIBRARIES = YES;
				BUNDLE_LOADER = "$(TEST_HOST)";
				CODE_SIGN_STYLE = Automatic;
				DEVELOPMENT_TEAM = 6H8RBA4DXP;
				INFOPLIST_FILE = DepthSampleTests/Info.plist;
				IPHONEOS_DEPLOYMENT_TARGET = 14.3;
				LD_RUNPATH_SEARCH_PATHS = (
					"$(inherited)",
					"@executable_path/Frameworks",
					"@loader_path/Frameworks",
				);
				PRODUCT_BUNDLE_IDENTIFIER = jp.ac.jec.cm.masukawa.DepthSampleTests;
				PRODUCT_NAME = "$(TARGET_NAME)";
				SWIFT_VERSION = 5.0;
				TARGETED_DEVICE_FAMILY = "1,2";
				TEST_HOST = "$(BUILT_PRODUCTS_DIR)/DepthSample.app/DepthSample";
			};
			name = Debug;
		};
		E4744F2F25D4C2AF008BC627 /* Release */ = {
			isa = XCBuildConfiguration;
			buildSettings = {
				ALWAYS_EMBED_SWIFT_STANDARD_LIBRARIES = YES;
				BUNDLE_LOADER = "$(TEST_HOST)";
				CODE_SIGN_STYLE = Automatic;
				DEVELOPMENT_TEAM = 6H8RBA4DXP;
				INFOPLIST_FILE = DepthSampleTests/Info.plist;
				IPHONEOS_DEPLOYMENT_TARGET = 14.3;
				LD_RUNPATH_SEARCH_PATHS = (
					"$(inherited)",
					"@executable_path/Frameworks",
					"@loader_path/Frameworks",
				);
				PRODUCT_BUNDLE_IDENTIFIER = jp.ac.jec.cm.masukawa.DepthSampleTests;
				PRODUCT_NAME = "$(TARGET_NAME)";
				SWIFT_VERSION = 5.0;
				TARGETED_DEVICE_FAMILY = "1,2";
				TEST_HOST = "$(BUILT_PRODUCTS_DIR)/DepthSample.app/DepthSample";
			};
			name = Release;
		};
		E4744F3125D4C2AF008BC627 /* Debug */ = {
			isa = XCBuildConfiguration;
			buildSettings = {
				ALWAYS_EMBED_SWIFT_STANDARD_LIBRARIES = YES;
				CODE_SIGN_STYLE = Automatic;
				DEVELOPMENT_TEAM = 6H8RBA4DXP;
				INFOPLIST_FILE = DepthSampleUITests/Info.plist;
				LD_RUNPATH_SEARCH_PATHS = (
					"$(inherited)",
					"@executable_path/Frameworks",
					"@loader_path/Frameworks",
				);
				PRODUCT_BUNDLE_IDENTIFIER = jp.ac.jec.cm.masukawa.DepthSampleUITests;
				PRODUCT_NAME = "$(TARGET_NAME)";
				SWIFT_VERSION = 5.0;
				TARGETED_DEVICE_FAMILY = "1,2";
				TEST_TARGET_NAME = DepthSample;
			};
			name = Debug;
		};
		E4744F3225D4C2AF008BC627 /* Release */ = {
			isa = XCBuildConfiguration;
			buildSettings = {
				ALWAYS_EMBED_SWIFT_STANDARD_LIBRARIES = YES;
				CODE_SIGN_STYLE = Automatic;
				DEVELOPMENT_TEAM = 6H8RBA4DXP;
				INFOPLIST_FILE = DepthSampleUITests/Info.plist;
				LD_RUNPATH_SEARCH_PATHS = (
					"$(inherited)",
					"@executable_path/Frameworks",
					"@loader_path/Frameworks",
				);
				PRODUCT_BUNDLE_IDENTIFIER = jp.ac.jec.cm.masukawa.DepthSampleUITests;
				PRODUCT_NAME = "$(TARGET_NAME)";
				SWIFT_VERSION = 5.0;
				TARGETED_DEVICE_FAMILY = "1,2";
				TEST_TARGET_NAME = DepthSample;
			};
			name = Release;
		};
/* End XCBuildConfiguration section */

/* Begin XCConfigurationList section */
		E4744EFB25D4C2AD008BC627 /* Build configuration list for PBXProject "DepthSample" */ = {
			isa = XCConfigurationList;
			buildConfigurations = (
				E4744F2825D4C2AF008BC627 /* Debug */,
				E4744F2925D4C2AF008BC627 /* Release */,
			);
			defaultConfigurationIsVisible = 0;
			defaultConfigurationName = Release;
		};
		E4744F2A25D4C2AF008BC627 /* Build configuration list for PBXNativeTarget "DepthSample" */ = {
			isa = XCConfigurationList;
			buildConfigurations = (
				E4744F2B25D4C2AF008BC627 /* Debug */,
				E4744F2C25D4C2AF008BC627 /* Release */,
			);
			defaultConfigurationIsVisible = 0;
			defaultConfigurationName = Release;
		};
		E4744F2D25D4C2AF008BC627 /* Build configuration list for PBXNativeTarget "DepthSampleTests" */ = {
			isa = XCConfigurationList;
			buildConfigurations = (
				E4744F2E25D4C2AF008BC627 /* Debug */,
				E4744F2F25D4C2AF008BC627 /* Release */,
			);
			defaultConfigurationIsVisible = 0;
			defaultConfigurationName = Release;
		};
		E4744F3025D4C2AF008BC627 /* Build configuration list for PBXNativeTarget "DepthSampleUITests" */ = {
			isa = XCConfigurationList;
			buildConfigurations = (
				E4744F3125D4C2AF008BC627 /* Debug */,
				E4744F3225D4C2AF008BC627 /* Release */,
			);
			defaultConfigurationIsVisible = 0;
			defaultConfigurationName = Release;
		};
/* End XCConfigurationList section */
	};
	rootObject = E4744EF825D4C2AD008BC627 /* Project object */;
}
